
Microsoft Visual Studio Solution File, Format Version 12.00
# Visual Studio Version 17
VisualStudioVersion = 17.2.32602.215
MinimumVisualStudioVersion = 10.0.40219.1
Project("{FAE04EC0-301F-11D3-BF4B-00C04F79EFBC}") = "Web", "Web.csproj", "{26023CF8-3C63-4C7E-9BF7-4B29E9A5857C}"
EndProject
Global
	GlobalSection(SolutionConfigurationPlatforms) = preSolution
		Debug|Any CPU = Debug|Any CPU
		Release|Any CPU = Release|Any CPU
	EndGlobalSection
	GlobalSection(ProjectConfigurationPlatforms) = postSolution
		{26023CF8-3C63-4C7E-9BF7-4B29E9A5857C}.Debug|Any CPU.ActiveCfg = Debug|Any CPU
		{26023CF8-3C63-4C7E-9BF7-4B29E9A5857C}.Debug|Any CPU.Build.0 = Debug|Any CPU
		{26023CF8-3C63-4C7E-9BF7-4B29E9A5857C}.Release|Any CPU.ActiveCfg = Release|Any CPU
		{26023CF8-3C63-4C7E-9BF7-4B29E9A5857C}.Release|Any CPU.Build.0 = Release|Any CPU
	EndGlobalSection
	GlobalSection(SolutionProperties) = preSolution
		HideSolutionNode = FALSE
	EndGlobalSection
	GlobalSection(ExtensibilityGlobals) = postSolution
		SolutionGuid = {3A7EE140-9D8C-419A-A861-8258C0439598}
	EndGlobalSection
EndGlobal
